
Microsoft Visual Studio Solution File, Format Version 11.00
# Visual C++ Express 2010
Project("{8BC9CEB8-8B4A-11D0-8D11-00A0C91BC942}") = "MSVC", "MSVC\MSVC.vcxproj", "{81FD8A8B-24D5-432A-9637-CD0ED9898517}"
EndProject
Global
	GlobalSection(SolutionConfigurationPlatforms) = preSolution
		Debug|Win32 = Debug|Win32
		Release|Win32 = Release|Win32
	EndGlobalSection
	GlobalSection(ProjectConfigurationPlatforms) = postSolution
		{81FD8A8B-24D5-432A-9637-CD0ED9898517}.Debug|Win32.ActiveCfg = Debug|Win32
		{81FD8A8B-24D5-432A-9637-CD0ED9898517}.Debug|Win32.Build.0 = Debug|Win32
		{81FD8A8B-24D5-432A-9637-CD0ED9898517}.Release|Win32.ActiveCfg = Release|Win32
		{81FD8A8B-24D5-432A-9637-CD0ED9898517}.Release|Win32.Build.0 = Release|Win32
	EndGlobalSection
	GlobalSection(SolutionProperties) = preSolution
		HideSolutionNode = FALSE
	EndGlobalSection
EndGlobal
